{
    "name": "@mplp/conformance",
    "version": "1.0.0",
    "lockfileVersion": 3,
    "requires": true,
    "packages": {
        "": {
            "name": "@mplp/conformance",
            "version": "1.0.0",
            "license": "Apache-2.0",
            "dependencies": {
                "@mplp/compliance": "^1.0.4",
                "typescript": "^5.9.3"
            }
        },
        "node_modules/@mplp/compliance": {
            "version": "1.0.4",
            "resolved": "https://registry.npmjs.org/@mplp/compliance/-/compliance-1.0.4.tgz",
            "integrity": "sha512-pRGzO25CMP0cFLKcIPpsY9XPJeVSShvk23FNVWkF1OBjOQcuDdDrX338umiwVhf9XYtwnajLibVZ45hMmXAI9Q==",
            "dependencies": {
                "@mplp/coordination": "^1.0.2",
                "@mplp/core": "^1.0.2",
                "@mplp/modules": "^1.0.2",
                "@mplp/schema": "^1.0.2"
            }
        },
        "node_modules/@mplp/coordination": {
            "version": "1.0.5",
            "resolved": "https://registry.npmjs.org/@mplp/coordination/-/coordination-1.0.5.tgz",
            "integrity": "sha512-6CodZOMKHGiEbL0g+4g9CKG7ID7PsEqWFJ64756/de6DhcULShb4v5TjVE2IKly+8dr1wm8Sx+452O9al3VhLA==",
            "dependencies": {
                "@mplp/core": "file:../core"
            }
        },
        "node_modules/@mplp/coordination/node_modules/@mplp/core": {
            "resolved": "node_modules/@mplp/core",
            "link": true
        },
        "node_modules/@mplp/core": {
            "version": "1.0.5",
            "resolved": "https://registry.npmjs.org/@mplp/core/-/core-1.0.5.tgz",
            "integrity": "sha512-VeI6OJM/BrFROXGogkC6JmpFLbGxBWAdmyzx0HoJgiA+XVwmph3BG0hVD0dHbe57SwLcCbgHF6TUTtW2u5jvTQ=="
        },
        "node_modules/@mplp/modules": {
            "version": "1.0.4",
            "resolved": "https://registry.npmjs.org/@mplp/modules/-/modules-1.0.4.tgz",
            "integrity": "sha512-xqxbZ9Zt9JMfXKIaLTzYtx0eiP6WraF6PoCaL2o5VF6Mmj4jVPMdWXcCRgsIxXBLJebHL3cgpUPmbWK3S20+4Q==",
            "dependencies": {
                "@mplp/core": "^1.0.2"
            }
        },
        "node_modules/@mplp/schema": {
            "version": "1.0.4",
            "resolved": "https://registry.npmjs.org/@mplp/schema/-/schema-1.0.4.tgz",
            "integrity": "sha512-3v91iZQYGpwRkpH7TDNcLdQXy0Hw8IAtOL3lHRccid+fnpEiCc13zYCrnvu0DtEAeEbnh5leV4jzsptpqXdQxg==",
            "dependencies": {
                "ajv": "^8.12.0",
                "ajv-formats": "^2.1.1"
            }
        },
        "node_modules/ajv": {
            "version": "8.17.1",
            "resolved": "https://registry.npmjs.org/ajv/-/ajv-8.17.1.tgz",
            "integrity": "sha512-B/gBuNg5SiMTrPkC+A2+cW0RszwxYmn6VYxB/inlBStS5nx6xHIt/ehKRhIMhqusl7a8LjQoZnjCs5vhwxOQ1g==",
            "dependencies": {
                "fast-deep-equal": "^3.1.3",
                "fast-uri": "^3.0.1",
                "json-schema-traverse": "^1.0.0",
                "require-from-string": "^2.0.2"
            },
            "funding": {
                "type": "github",
                "url": "https://github.com/sponsors/epoberezkin"
            }
        },
        "node_modules/ajv-formats": {
            "version": "2.1.1",
            "resolved": "https://registry.npmjs.org/ajv-formats/-/ajv-formats-2.1.1.tgz",
            "integrity": "sha512-Wx0Kx52hxE7C18hkMEggYlEifqWZtYaRgouJor+WMdPnQyEK13vgEWyVNup7SoeeoLMsr4kf5h6dOW11I15MUA==",
            "dependencies": {
                "ajv": "^8.0.0"
            },
            "peerDependencies": {
                "ajv": "^8.0.0"
            },
            "peerDependenciesMeta": {
                "ajv": {
                    "optional": true
                }
            }
        },
        "node_modules/fast-deep-equal": {
            "version": "3.1.3",
            "resolved": "https://registry.npmjs.org/fast-deep-equal/-/fast-deep-equal-3.1.3.tgz",
            "integrity": "sha512-f3qQ9oQy9j2AhBe/H9VC91wLmKBCCU/gDOnKNAYG5hswO7BLKj09Hc5HYNz9cGI++xlpDCIgDaitVs03ATR84Q=="
        },
        "node_modules/fast-uri": {
            "version": "3.1.0",
            "resolved": "https://registry.npmjs.org/fast-uri/-/fast-uri-3.1.0.tgz",
            "integrity": "sha512-iPeeDKJSWf4IEOasVVrknXpaBV0IApz/gp7S2bb7Z4Lljbl2MGJRqInZiUrQwV16cpzw/D3S5j5Julj/gT52AA==",
            "funding": [
                {
                    "type": "github",
                    "url": "https://github.com/sponsors/fastify"
                },
                {
                    "type": "opencollective",
                    "url": "https://opencollective.com/fastify"
                }
            ]
        },
        "node_modules/json-schema-traverse": {
            "version": "1.0.0",
            "resolved": "https://registry.npmjs.org/json-schema-traverse/-/json-schema-traverse-1.0.0.tgz",
            "integrity": "sha512-NM8/P9n3XjXhIZn1lLhkFaACTOURQXjWhV4BA/RnOv8xvgqtqpAX9IO4mRQxSx1Rlo4tqzeqb0sOlruaOy3dug=="
        },
        "node_modules/require-from-string": {
            "version": "2.0.2",
            "resolved": "https://registry.npmjs.org/require-from-string/-/require-from-string-2.0.2.tgz",
            "integrity": "sha512-Xf0nWe6RseziFMu+Ap9biiUbmplq6S9/p+7w7YXP/JBHhrUDDUhwa+vANyubuqfZWTveU//DYVGsDG7RKL/vEw==",
            "engines": {
                "node": ">=0.10.0"
            }
        },
        "node_modules/typescript": {
            "version": "5.9.3",
            "resolved": "https://registry.npmjs.org/typescript/-/typescript-5.9.3.tgz",
            "integrity": "sha512-jl1vZzPDinLr9eUt3J/t7V6FgNEw9QjvBPdysz9KfQDD41fQrC2Y4vKQdiaUpFT4bXlb1RHhLpp8wtm6M5TgSw==",
            "bin": {
                "tsc": "bin/tsc",
                "tsserver": "bin/tsserver"
            },
            "engines": {
                "node": ">=14.17"
            }
        }
    }
}
